github.com/bvkgo/kv v0.0.0-20210804051907-e1902ebcce9a h1:bydXV9geQEhvj1BgJqVr0sMmWFxLg/oWgFwRF+wf/Dc=
github.com/bvkgo/kv v0.0.0-20210804051907-e1902ebcce9a/go.mod h1:DJs+HxZ3vV3oYD2ZXYz0EkV3cy2JYDr5Xn9K8wQCPjg=
github.com/bvkgo/kv v0.0.0-20210808221408-e27312603f8e h1:j3ehAMUrmaAJXpv92DRcuI5lWCmzXwjyziiTcE9S6Gg=
github.com/bvkgo/kv v0.0.0-20210808221408-e27312603f8e/go.mod h1:DJs+HxZ3vV3oYD2ZXYz0EkV3cy2JYDr5Xn9K8wQCPjg=
golang.org/x/xerrors v0.0.0-20200804184101-5ec99f83aff1 h1:go1bK/D/BFZV2I8cIQd1NKEZ+0owSTG1fDTci4IqFcE=
golang.org/x/xerrors v0.0.0-20200804184101-5ec99f83aff1/go.mod h1:I/5z698sn9Ka8TeJc9MKroUUfqBBauWjQqLJ2OPfmY0=
